// !$*UTF8*$!
{
	archiveVersion = 1;
	classes = {
	};
	objectVersion = 50;
	objects = {

/* Begin PBXBuildFile section */
		37DB7F9624A8D1A20014F75F /* AppDelegate.swift in Sources */ = {isa = PBXBuildFile; fileRef = 37DB7F9524A8D1A20014F75F /* AppDelegate.swift */; };
		37DB7F9F24A8D1A30014F75F /* Assets.xcassets in Resources */ = {isa = PBXBuildFile; fileRef = 37DB7F9E24A8D1A30014F75F /* Assets.xcassets */; };
		37DB7FA224A8D1A30014F75F /* LaunchScreen.storyboard in Resources */ = {isa = PBXBuildFile; fileRef = 37DB7FA024A8D1A30014F75F /* LaunchScreen.storyboard */; };
		37DB7FAD24A8D1A30014F75F /* iOS_CalculatorTests.swift in Sources */ = {isa = PBXBuildFile; fileRef = 37DB7FAC24A8D1A30014F75F /* iOS_CalculatorTests.swift */; };
		37DB7FB824A8D1A30014F75F /* iOS_CalculatorUITests.swift in Sources */ = {isa = PBXBuildFile; fileRef = 37DB7FB724A8D1A30014F75F /* iOS_CalculatorUITests.swift */; };
		37DB7FCF24A8DA240014F75F /* HomeViewController.swift in Sources */ = {isa = PBXBuildFile; fileRef = 37DB7FCD24A8DA240014F75F /* HomeViewController.swift */; };
		37DB7FD024A8DA240014F75F /* HomeViewController.xib in Resources */ = {isa = PBXBuildFile; fileRef = 37DB7FCE24A8DA240014F75F /* HomeViewController.xib */; };
		37DB7FD224A92AC20014F75F /* UIButtonExtension.swift in Sources */ = {isa = PBXBuildFile; fileRef = 37DB7FD124A92AC20014F75F /* UIButtonExtension.swift */; };
/* End PBXBuildFile section */

/* Begin PBXContainerItemProxy section */
		37DB7FA924A8D1A30014F75F /* PBXContainerItemProxy */ = {
			isa = PBXContainerItemProxy;
			containerPortal = 37DB7F8A24A8D1A20014F75F /* Project object */;
			proxyType = 1;
			remoteGlobalIDString = 37DB7F9124A8D1A20014F75F;
			remoteInfo = "iOS-Calculator";
		};
		37DB7FB424A8D1A30014F75F /* PBXContainerItemProxy */ = {
			isa = PBXContainerItemProxy;
			containerPortal = 37DB7F8A24A8D1A20014F75F /* Project object */;
			proxyType = 1;
			remoteGlobalIDString = 37DB7F9124A8D1A20014F75F;
			remoteInfo = "iOS-Calculator";
		};
/* End PBXContainerItemProxy section */

/* Begin PBXFileReference section */
		37DB7F9224A8D1A20014F75F /* iOSCalculator.app */ = {isa = PBXFileReference; explicitFileType = wrapper.application; includeInIndex = 0; path = iOSCalculator.app; sourceTree = BUILT_PRODUCTS_DIR; };
		37DB7F9524A8D1A20014F75F /* AppDelegate.swift */ = {isa = PBXFileReference; lastKnownFileType = sourcecode.swift; path = AppDelegate.swift; sourceTree = "<group>"; };
		37DB7F9E24A8D1A30014F75F /* Assets.xcassets */ = {isa = PBXFileReference; lastKnownFileType = folder.assetcatalog; path = Assets.xcassets; sourceTree = "<group>"; };
		37DB7FA124A8D1A30014F75F /* Base */ = {isa = PBXFileReference; lastKnownFileType = file.storyboard; name = Base; path = Base.lproj/LaunchScreen.storyboard; sourceTree = "<group>"; };
		37DB7FA324A8D1A30014F75F /* Info.plist */ = {isa = PBXFileReference; lastKnownFileType = text.plist.xml; path = Info.plist; sourceTree = "<group>"; };
		37DB7FA824A8D1A30014F75F /* iOS-CalculatorTests.xctest */ = {isa = PBXFileReference; explicitFileType = wrapper.cfbundle; includeInIndex = 0; path = "iOS-CalculatorTests.xctest"; sourceTree = BUILT_PRODUCTS_DIR; };
		37DB7FAC24A8D1A30014F75F /* iOS_CalculatorTests.swift */ = {isa = PBXFileReference; lastKnownFileType = sourcecode.swift; path = iOS_CalculatorTests.swift; sourceTree = "<group>"; };
		37DB7FAE24A8D1A30014F75F /* Info.plist */ = {isa = PBXFileReference; lastKnownFileType = text.plist.xml; path = Info.plist; sourceTree = "<group>"; };
		37DB7FB324A8D1A30014F75F /* iOS-CalculatorUITests.xctest */ = {isa = PBXFileReference; explicitFileType = wrapper.cfbundle; includeInIndex = 0; path = "iOS-CalculatorUITests.xctest"; sourceTree = BUILT_PRODUCTS_DIR; };
		37DB7FB724A8D1A30014F75F /* iOS_CalculatorUITests.swift */ = {isa = PBXFileReference; lastKnownFileType = sourcecode.swift; path = iOS_CalculatorUITests.swift; sourceTree = "<group>"; };
		37DB7FB924A8D1A30014F75F /* Info.plist */ = {isa = PBXFileReference; lastKnownFileType = text.plist.xml; path = Info.plist; sourceTree = "<group>"; };
		37DB7FCD24A8DA240014F75F /* HomeViewController.swift */ = {isa = PBXFileReference; lastKnownFileType = sourcecode.swift; path = HomeViewController.swift; sourceTree = "<group>"; };
		37DB7FCE24A8DA240014F75F /* HomeViewController.xib */ = {isa = PBXFileReference; lastKnownFileType = file.xib; path = HomeViewController.xib; sourceTree = "<group>"; };
		37DB7FD124A92AC20014F75F /* UIButtonExtension.swift */ = {isa = PBXFileReference; lastKnownFileType = sourcecode.swift; path = UIButtonExtension.swift; sourceTree = "<group>"; };
/* End PBXFileReference section */

/* Begin PBXFrameworksBuildPhase section */
		37DB7F8F24A8D1A20014F75F /* Frameworks */ = {
			isa = PBXFrameworksBuildPhase;
			buildActionMask = 2147483647;
			files = (
			);
			runOnlyForDeploymentPostprocessing = 0;
		};
		37DB7FA524A8D1A30014F75F /* Frameworks */ = {
			isa = PBXFrameworksBuildPhase;
			buildActionMask = 2147483647;
			files = (
			);
			runOnlyForDeploymentPostprocessing = 0;
		};
		37DB7FB024A8D1A30014F75F /* Frameworks */ = {
			isa = PBXFrameworksBuildPhase;
			buildActionMask = 2147483647;
			files = (
			);
			runOnlyForDeploymentPostprocessing = 0;
		};
/* End PBXFrameworksBuildPhase section */

/* Begin PBXGroup section */
		37DB7F8924A8D1A20014F75F = {
			isa = PBXGroup;
			children = (
				37DB7F9424A8D1A20014F75F /* iOS-Calculator */,
				37DB7FAB24A8D1A30014F75F /* iOS-CalculatorTests */,
				37DB7FB624A8D1A30014F75F /* iOS-CalculatorUITests */,
				37DB7F9324A8D1A20014F75F /* Products */,
			);
			sourceTree = "<group>";
		};
		37DB7F9324A8D1A20014F75F /* Products */ = {
			isa = PBXGroup;
			children = (
				37DB7F9224A8D1A20014F75F /* iOSCalculator.app */,
				37DB7FA824A8D1A30014F75F /* iOS-CalculatorTests.xctest */,
				37DB7FB324A8D1A30014F75F /* iOS-CalculatorUITests.xctest */,
			);
			name = Products;
			sourceTree = "<group>";
		};
		37DB7F9424A8D1A20014F75F /* iOS-Calculator */ = {
			isa = PBXGroup;
			children = (
				37DB7F9524A8D1A20014F75F /* AppDelegate.swift */,
				37DB7FC924A8D8B00014F75F /* Util */,
				37DB7FC824A8D8840014F75F /* Modal */,
				37DB7FC624A8D86C0014F75F /* View */,
				37DB7FC724A8D8780014F75F /* Controller */,
				37DB7FC524A8D23C0014F75F /* Supporting Files */,
				37DB7F9E24A8D1A30014F75F /* Assets.xcassets */,
			);
			path = "iOS-Calculator";
			sourceTree = "<group>";
		};
		37DB7FAB24A8D1A30014F75F /* iOS-CalculatorTests */ = {
			isa = PBXGroup;
			children = (
				37DB7FAC24A8D1A30014F75F /* iOS_CalculatorTests.swift */,
				37DB7FAE24A8D1A30014F75F /* Info.plist */,
			);
			path = "iOS-CalculatorTests";
			sourceTree = "<group>";
		};
		37DB7FB624A8D1A30014F75F /* iOS-CalculatorUITests */ = {
			isa = PBXGroup;
			children = (
				37DB7FB724A8D1A30014F75F /* iOS_CalculatorUITests.swift */,
				37DB7FB924A8D1A30014F75F /* Info.plist */,
			);
			path = "iOS-CalculatorUITests";
			sourceTree = "<group>";
		};
		37DB7FC524A8D23C0014F75F /* Supporting Files */ = {
			isa = PBXGroup;
			children = (
				37DB7FA324A8D1A30014F75F /* Info.plist */,
			);
			path = "Supporting Files";
			sourceTree = "<group>";
		};
		37DB7FC624A8D86C0014F75F /* View */ = {
			isa = PBXGroup;
			children = (
				37DB7FCB24A8D9CE0014F75F /* Home */,
				37DB7FCA24A8D8F40014F75F /* Launch */,
			);
			path = View;
			sourceTree = "<group>";
		};
		37DB7FC724A8D8780014F75F /* Controller */ = {
			isa = PBXGroup;
			children = (
				37DB7FCC24A8D9E20014F75F /* Home */,
			);
			path = Controller;
			sourceTree = "<group>";
		};
		37DB7FC824A8D8840014F75F /* Modal */ = {
			isa = PBXGroup;
			children = (
			);
			path = Modal;
			sourceTree = "<group>";
		};
		37DB7FC924A8D8B00014F75F /* Util */ = {
			isa = PBXGroup;
			children = (
				37DB7FD124A92AC20014F75F /* UIButtonExtension.swift */,
			);
			path = Util;
			sourceTree = "<group>";
		};
		37DB7FCA24A8D8F40014F75F /* Launch */ = {
			isa = PBXGroup;
			children = (
				37DB7FA024A8D1A30014F75F /* LaunchScreen.storyboard */,
			);
			path = Launch;
			sourceTree = "<group>";
		};
		37DB7FCB24A8D9CE0014F75F /* Home */ = {
			isa = PBXGroup;
			children = (
				37DB7FCE24A8DA240014F75F /* HomeViewController.xib */,
			);
			path = Home;
			sourceTree = "<group>";
		};
		37DB7FCC24A8D9E20014F75F /* Home */ = {
			isa = PBXGroup;
			children = (
				37DB7FCD24A8DA240014F75F /* HomeViewController.swift */,
			);
			path = Home;
			sourceTree = "<group>";
		};
/* End PBXGroup section */

/* Begin PBXNativeTarget section */
		37DB7F9124A8D1A20014F75F /* iOS-Calculator */ = {
			isa = PBXNativeTarget;
			buildConfigurationList = 37DB7FBC24A8D1A30014F75F /* Build configuration list for PBXNativeTarget "iOS-Calculator" */;
			buildPhases = (
				37DB7F8E24A8D1A20014F75F /* Sources */,
				37DB7F8F24A8D1A20014F75F /* Frameworks */,
				37DB7F9024A8D1A20014F75F /* Resources */,
			);
			buildRules = (
			);
			dependencies = (
			);
			name = "iOS-Calculator";
			productName = "iOS-Calculator";
			productReference = 37DB7F9224A8D1A20014F75F /* iOSCalculator.app */;
			productType = "com.apple.product-type.application";
		};
		37DB7FA724A8D1A30014F75F /* iOS-CalculatorTests */ = {
			isa = PBXNativeTarget;
			buildConfigurationList = 37DB7FBF24A8D1A30014F75F /* Build configuration list for PBXNativeTarget "iOS-CalculatorTests" */;
			buildPhases = (
				37DB7FA424A8D1A30014F75F /* Sources */,
				37DB7FA524A8D1A30014F75F /* Frameworks */,
				37DB7FA624A8D1A30014F75F /* Resources */,
			);
			buildRules = (
			);
			dependencies = (
				37DB7FAA24A8D1A30014F75F /* PBXTargetDependency */,
			);
			name = "iOS-CalculatorTests";
			productName = "iOS-CalculatorTests";
			productReference = 37DB7FA824A8D1A30014F75F /* iOS-CalculatorTests.xctest */;
			productType = "com.apple.product-type.bundle.unit-test";
		};
		37DB7FB224A8D1A30014F75F /* iOS-CalculatorUITests */ = {
			isa = PBXNativeTarget;
			buildConfigurationList = 37DB7FC224A8D1A30014F75F /* Build configuration list for PBXNativeTarget "iOS-CalculatorUITests" */;
			buildPhases = (
				37DB7FAF24A8D1A30014F75F /* Sources */,
				37DB7FB024A8D1A30014F75F /* Frameworks */,
				37DB7FB124A8D1A30014F75F /* Resources */,
			);
			buildRules = (
			);
			dependencies = (
				37DB7FB524A8D1A30014F75F /* PBXTargetDependency */,
			);
			name = "iOS-CalculatorUITests";
			productName = "iOS-CalculatorUITests";
			productReference = 37DB7FB324A8D1A30014F75F /* iOS-CalculatorUITests.xctest */;
			productType = "com.apple.product-type.bundle.ui-testing";
		};
/* End PBXNativeTarget section */

/* Begin PBXProject section */
		37DB7F8A24A8D1A20014F75F /* Project object */ = {
			isa = PBXProject;
			attributes = {
				LastSwiftUpdateCheck = 1150;
				LastUpgradeCheck = 1150;
				ORGANIZATIONNAME = "Ezequiel Parada";
				TargetAttributes = {
					37DB7F9124A8D1A20014F75F = {
						CreatedOnToolsVersion = 11.5;
					};
					37DB7FA724A8D1A30014F75F = {
						CreatedOnToolsVersion = 11.5;
						TestTargetID = 37DB7F9124A8D1A20014F75F;
					};
					37DB7FB224A8D1A30014F75F = {
						CreatedOnToolsVersion = 11.5;
						TestTargetID = 37DB7F9124A8D1A20014F75F;
					};
				};
			};
			buildConfigurationList = 37DB7F8D24A8D1A20014F75F /* Build configuration list for PBXProject "iOS-Calculator" */;
			compatibilityVersion = "Xcode 9.3";
			developmentRegion = en;
			hasScannedForEncodings = 0;
			knownRegions = (
				en,
				Base,
			);
			mainGroup = 37DB7F8924A8D1A20014F75F;
			productRefGroup = 37DB7F9324A8D1A20014F75F /* Products */;
			projectDirPath = "";
			projectRoot = "";
			targets = (
				37DB7F9124A8D1A20014F75F /* iOS-Calculator */,
				37DB7FA724A8D1A30014F75F /* iOS-CalculatorTests */,
				37DB7FB224A8D1A30014F75F /* iOS-CalculatorUITests */,
			);
		};
/* End PBXProject section */

/* Begin PBXResourcesBuildPhase section */
		37DB7F9024A8D1A20014F75F /* Resources */ = {
			isa = PBXResourcesBuildPhase;
			buildActionMask = 2147483647;
			files = (
				37DB7FA224A8D1A30014F75F /* LaunchScreen.storyboard in Resources */,
				37DB7F9F24A8D1A30014F75F /* Assets.xcassets in Resources */,
				37DB7FD024A8DA240014F75F /* HomeViewController.xib in Resources */,
			);
			runOnlyForDeploymentPostprocessing = 0;
		};
		37DB7FA624A8D1A30014F75F /* Resources */ = {
			isa = PBXResourcesBuildPhase;
			buildActionMask = 2147483647;
			files = (
			);
			runOnlyForDeploymentPostprocessing = 0;
		};
		37DB7FB124A8D1A30014F75F /* Resources */ = {
			isa = PBXResourcesBuildPhase;
			buildActionMask = 2147483647;
			files = (
			);
			runOnlyForDeploymentPostprocessing = 0;
		};
/* End PBXResourcesBuildPhase section */

/* Begin PBXSourcesBuildPhase section */
		37DB7F8E24A8D1A20014F75F /* Sources */ = {
			isa = PBXSourcesBuildPhase;
			buildActionMask = 2147483647;
			files = (
				37DB7F9624A8D1A20014F75F /* AppDelegate.swift in Sources */,
				37DB7FCF24A8DA240014F75F /* HomeViewController.swift in Sources */,
				37DB7FD224A92AC20014F75F /* UIButtonExtension.swift in Sources */,
			);
			runOnlyForDeploymentPostprocessing = 0;
		};
		37DB7FA424A8D1A30014F75F /* Sources */ = {
			isa = PBXSourcesBuildPhase;
			buildActionMask = 2147483647;
			files = (
				37DB7FAD24A8D1A30014F75F /* iOS_CalculatorTests.swift in Sources */,
			);
			runOnlyForDeploymentPostprocessing = 0;
		};
		37DB7FAF24A8D1A30014F75F /* Sources */ = {
			isa = PBXSourcesBuildPhase;
			buildActionMask = 2147483647;
			files = (
				37DB7FB824A8D1A30014F75F /* iOS_CalculatorUITests.swift in Sources */,
			);
			runOnlyForDeploymentPostprocessing = 0;
		};
/* End PBXSourcesBuildPhase section */

/* Begin PBXTargetDependency section */
		37DB7FAA24A8D1A30014F75F /* PBXTargetDependency */ = {
			isa = PBXTargetDependency;
			target = 37DB7F9124A8D1A20014F75F /* iOS-Calculator */;
			targetProxy = 37DB7FA924A8D1A30014F75F /* PBXContainerItemProxy */;
		};
		37DB7FB524A8D1A30014F75F /* PBXTargetDependency */ = {
			isa = PBXTargetDependency;
			target = 37DB7F9124A8D1A20014F75F /* iOS-Calculator */;
			targetProxy = 37DB7FB424A8D1A30014F75F /* PBXContainerItemProxy */;
		};
/* End PBXTargetDependency section */

/* Begin PBXVariantGroup section */
		37DB7FA024A8D1A30014F75F /* LaunchScreen.storyboard */ = {
			isa = PBXVariantGroup;
			children = (
				37DB7FA124A8D1A30014F75F /* Base */,
			);
			name = LaunchScreen.storyboard;
			sourceTree = "<group>";
		};
/* End PBXVariantGroup section */

/* Begin XCBuildConfiguration section */
		37DB7FBA24A8D1A30014F75F /* Debug */ = {
			isa = XCBuildConfiguration;
			buildSettings = {
				ALWAYS_SEARCH_USER_PATHS = NO;
				CLANG_ANALYZER_NONNULL = YES;
				CLANG_ANALYZER_NUMBER_OBJECT_CONVERSION = YES_AGGRESSIVE;
				CLANG_CXX_LANGUAGE_STANDARD = "gnu++14";
				CLANG_CXX_LIBRARY = "libc++";
				CLANG_ENABLE_MODULES = YES;
				CLANG_ENABLE_OBJC_ARC = YES;
				CLANG_ENABLE_OBJC_WEAK = YES;
				CLANG_WARN_BLOCK_CAPTURE_AUTORELEASING = YES;
				CLANG_WARN_BOOL_CONVERSION = YES;
				CLANG_WARN_COMMA = YES;
				CLANG_WARN_CONSTANT_CONVERSION = YES;
				CLANG_WARN_DEPRECATED_OBJC_IMPLEMENTATIONS = YES;
				CLANG_WARN_DIRECT_OBJC_ISA_USAGE = YES_ERROR;
				CLANG_WARN_DOCUMENTATION_COMMENTS = YES;
				CLANG_WARN_EMPTY_BODY = YES;
				CLANG_WARN_ENUM_CONVERSION = YES;
				CLANG_WARN_INFINITE_RECURSION = YES;
				CLANG_WARN_INT_CONVERSION = YES;
				CLANG_WARN_NON_LITERAL_NULL_CONVERSION = YES;
				CLANG_WARN_OBJC_IMPLICIT_RETAIN_SELF = YES;
				CLANG_WARN_OBJC_LITERAL_CONVERSION = YES;
				CLANG_WARN_OBJC_ROOT_CLASS = YES_ERROR;
				CLANG_WARN_RANGE_LOOP_ANALYSIS = YES;
				CLANG_WARN_STRICT_PROTOTYPES = YES;
				CLANG_WARN_SUSPICIOUS_MOVE = YES;
				CLANG_WARN_UNGUARDED_AVAILABILITY = YES_AGGRESSIVE;
				CLANG_WARN_UNREACHABLE_CODE = YES;
				CLANG_WARN__DUPLICATE_METHOD_MATCH = YES;
				COPY_PHASE_STRIP = NO;
				DEBUG_INFORMATION_FORMAT = dwarf;
				ENABLE_STRICT_OBJC_MSGSEND = YES;
				ENABLE_TESTABILITY = YES;
				GCC_C_LANGUAGE_STANDARD = gnu11;
				GCC_DYNAMIC_NO_PIC = NO;
				GCC_NO_COMMON_BLOCKS = YES;
				GCC_OPTIMIZATION_LEVEL = 0;
				GCC_PREPROCESSOR_DEFINITIONS = (
					"DEBUG=1",
					"$(inherited)",
				);
				GCC_WARN_64_TO_32_BIT_CONVERSION = YES;
				GCC_WARN_ABOUT_RETURN_TYPE = YES_ERROR;
				GCC_WARN_UNDECLARED_SELECTOR = YES;
				GCC_WARN_UNINITIALIZED_AUTOS = YES_AGGRESSIVE;
				GCC_WARN_UNUSED_FUNCTION = YES;
				GCC_WARN_UNUSED_VARIABLE = YES;
				IPHONEOS_DEPLOYMENT_TARGET = 13.5;
				MTL_ENABLE_DEBUG_INFO = INCLUDE_SOURCE;
				MTL_FAST_MATH = YES;
				ONLY_ACTIVE_ARCH = YES;
				SDKROOT = iphoneos;
				SWIFT_ACTIVE_COMPILATION_CONDITIONS = DEBUG;
				SWIFT_OPTIMIZATION_LEVEL = "-Onone";
			};
			name = Debug;
		};
		37DB7FBB24A8D1A30014F75F /* Release */ = {
			isa = XCBuildConfiguration;
			buildSettings = {
				ALWAYS_SEARCH_USER_PATHS = NO;
				CLANG_ANALYZER_NONNULL = YES;
				CLANG_ANALYZER_NUMBER_OBJECT_CONVERSION = YES_AGGRESSIVE;
				CLANG_CXX_LANGUAGE_STANDARD = "gnu++14";
				CLANG_CXX_LIBRARY = "libc++";
				CLANG_ENABLE_MODULES = YES;
				CLANG_ENABLE_OBJC_ARC = YES;
				CLANG_ENABLE_OBJC_WEAK = YES;
				CLANG_WARN_BLOCK_CAPTURE_AUTORELEASING = YES;
				CLANG_WARN_BOOL_CONVERSION = YES;
				CLANG_WARN_COMMA = YES;
				CLANG_WARN_CONSTANT_CONVERSION = YES;
				CLANG_WARN_DEPRECATED_OBJC_IMPLEMENTATIONS = YES;
				CLANG_WARN_DIRECT_OBJC_ISA_USAGE = YES_ERROR;
				CLANG_WARN_DOCUMENTATION_COMMENTS = YES;
				CLANG_WARN_EMPTY_BODY = YES;
				CLANG_WARN_ENUM_CONVERSION = YES;
				CLANG_WARN_INFINITE_RECURSION = YES;
				CLANG_WARN_INT_CONVERSION = YES;
				CLANG_WARN_NON_LITERAL_NULL_CONVERSION = YES;
				CLANG_WARN_OBJC_IMPLICIT_RETAIN_SELF = YES;
				CLANG_WARN_OBJC_LITERAL_CONVERSION = YES;
				CLANG_WARN_OBJC_ROOT_CLASS = YES_ERROR;
				CLANG_WARN_RANGE_LOOP_ANALYSIS = YES;
				CLANG_WARN_STRICT_PROTOTYPES = YES;
				CLANG_WARN_SUSPICIOUS_MOVE = YES;
				CLANG_WARN_UNGUARDED_AVAILABILITY = YES_AGGRESSIVE;
				CLANG_WARN_UNREACHABLE_CODE = YES;
				CLANG_WARN__DUPLICATE_METHOD_MATCH = YES;
				COPY_PHASE_STRIP = NO;
				DEBUG_INFORMATION_FORMAT = "dwarf-with-dsym";
				ENABLE_NS_ASSERTIONS = NO;
				ENABLE_STRICT_OBJC_MSGSEND = YES;
				GCC_C_LANGUAGE_STANDARD = gnu11;
				GCC_NO_COMMON_BLOCKS = YES;
				GCC_WARN_64_TO_32_BIT_CONVERSION = YES;
				GCC_WARN_ABOUT_RETURN_TYPE = YES_ERROR;
				GCC_WARN_UNDECLARED_SELECTOR = YES;
				GCC_WARN_UNINITIALIZED_AUTOS = YES_AGGRESSIVE;
				GCC_WARN_UNUSED_FUNCTION = YES;
				GCC_WARN_UNUSED_VARIABLE = YES;
				IPHONEOS_DEPLOYMENT_TARGET = 13.5;
				MTL_ENABLE_DEBUG_INFO = NO;
				MTL_FAST_MATH = YES;
				SDKROOT = iphoneos;
				SWIFT_COMPILATION_MODE = wholemodule;
				SWIFT_OPTIMIZATION_LEVEL = "-O";
				VALIDATE_PRODUCT = YES;
			};
			name = Release;
		};
		37DB7FBD24A8D1A30014F75F /* Debug */ = {
			isa = XCBuildConfiguration;
			buildSettings = {
				ASSETCATALOG_COMPILER_APPICON_NAME = AppIcon;
				CODE_SIGN_STYLE = Automatic;
				DEVELOPMENT_TEAM = 8PF4PD98CF;
				INFOPLIST_FILE = "iOS-Calculator/Supporting Files/Info.plist";
				IPHONEOS_DEPLOYMENT_TARGET = 10.0;
				LD_RUNPATH_SEARCH_PATHS = (
					"$(inherited)",
					"@executable_path/Frameworks",
				);
				PRODUCT_BUNDLE_IDENTIFIER = "com.paradabeltran.iOS-Calculator";
				PRODUCT_NAME = iOSCalculator;
				SWIFT_VERSION = 5.0;
				TARGETED_DEVICE_FAMILY = "1,2";
			};
			name = Debug;
		};
		37DB7FBE24A8D1A30014F75F /* Release */ = {
			isa = XCBuildConfiguration;
			buildSettings = {
				ASSETCATALOG_COMPILER_APPICON_NAME = AppIcon;
				CODE_SIGN_STYLE = Automatic;
				DEVELOPMENT_TEAM = 8PF4PD98CF;
				INFOPLIST_FILE = "iOS-Calculator/Supporting Files/Info.plist";
				IPHONEOS_DEPLOYMENT_TARGET = 10.0;
				LD_RUNPATH_SEARCH_PATHS = (
					"$(inherited)",
					"@executable_path/Frameworks",
				);
				PRODUCT_BUNDLE_IDENTIFIER = "com.paradabeltran.iOS-Calculator";
				PRODUCT_NAME = iOSCalculator;
				SWIFT_VERSION = 5.0;
				TARGETED_DEVICE_FAMILY = "1,2";
			};
			name = Release;
		};
		37DB7FC024A8D1A30014F75F /* Debug */ = {
			isa = XCBuildConfiguration;
			buildSettings = {
				ALWAYS_EMBED_SWIFT_STANDARD_LIBRARIES = YES;
				BUNDLE_LOADER = "$(TEST_HOST)";
				CODE_SIGN_STYLE = Automatic;
				DEVELOPMENT_TEAM = 8PF4PD98CF;
				INFOPLIST_FILE = "iOS-CalculatorTests/Info.plist";
				IPHONEOS_DEPLOYMENT_TARGET = 13.5;
				LD_RUNPATH_SEARCH_PATHS = (
					"$(inherited)",
					"@executable_path/Frameworks",
					"@loader_path/Frameworks",
				);
				PRODUCT_BUNDLE_IDENTIFIER = "com.paradabeltran.iOS-CalculatorTests";
				PRODUCT_NAME = "$(TARGET_NAME)";
				SWIFT_VERSION = 5.0;
				TARGETED_DEVICE_FAMILY = "1,2";
				TEST_HOST = "$(BUILT_PRODUCTS_DIR)/iOS-Calculator.app/iOS-Calculator";
			};
			name = Debug;
		};
		37DB7FC124A8D1A30014F75F /* Release */ = {
			isa = XCBuildConfiguration;
			buildSettings = {
				ALWAYS_EMBED_SWIFT_STANDARD_LIBRARIES = YES;
				BUNDLE_LOADER = "$(TEST_HOST)";
				CODE_SIGN_STYLE = Automatic;
				DEVELOPMENT_TEAM = 8PF4PD98CF;
				INFOPLIST_FILE = "iOS-CalculatorTests/Info.plist";
				IPHONEOS_DEPLOYMENT_TARGET = 13.5;
				LD_RUNPATH_SEARCH_PATHS = (
					"$(inherited)",
					"@executable_path/Frameworks",
					"@loader_path/Frameworks",
				);
				PRODUCT_BUNDLE_IDENTIFIER = "com.paradabeltran.iOS-CalculatorTests";
				PRODUCT_NAME = "$(TARGET_NAME)";
				SWIFT_VERSION = 5.0;
				TARGETED_DEVICE_FAMILY = "1,2";
				TEST_HOST = "$(BUILT_PRODUCTS_DIR)/iOS-Calculator.app/iOS-Calculator";
			};
			name = Release;
		};
		37DB7FC324A8D1A30014F75F /* Debug */ = {
			isa = XCBuildConfiguration;
			buildSettings = {
				ALWAYS_EMBED_SWIFT_STANDARD_LIBRARIES = YES;
				CODE_SIGN_STYLE = Automatic;
				DEVELOPMENT_TEAM = 8PF4PD98CF;
				INFOPLIST_FILE = "iOS-CalculatorUITests/Info.plist";
				LD_RUNPATH_SEARCH_PATHS = (
					"$(inherited)",
					"@executable_path/Frameworks",
					"@loader_path/Frameworks",
				);
				PRODUCT_BUNDLE_IDENTIFIER = "com.paradabeltran.iOS-CalculatorUITests";
				PRODUCT_NAME = "$(TARGET_NAME)";
				SWIFT_VERSION = 5.0;
				TARGETED_DEVICE_FAMILY = "1,2";
				TEST_TARGET_NAME = "iOS-Calculator";
			};
			name = Debug;
		};
		37DB7FC424A8D1A30014F75F /* Release */ = {
			isa = XCBuildConfiguration;
			buildSettings = {
				ALWAYS_EMBED_SWIFT_STANDARD_LIBRARIES = YES;
				CODE_SIGN_STYLE = Automatic;
				DEVELOPMENT_TEAM = 8PF4PD98CF;
				INFOPLIST_FILE = "iOS-CalculatorUITests/Info.plist";
				LD_RUNPATH_SEARCH_PATHS = (
					"$(inherited)",
					"@executable_path/Frameworks",
					"@loader_path/Frameworks",
				);
				PRODUCT_BUNDLE_IDENTIFIER = "com.paradabeltran.iOS-CalculatorUITests";
				PRODUCT_NAME = "$(TARGET_NAME)";
				SWIFT_VERSION = 5.0;
				TARGETED_DEVICE_FAMILY = "1,2";
				TEST_TARGET_NAME = "iOS-Calculator";
			};
			name = Release;
		};
/* End XCBuildConfiguration section */

/* Begin XCConfigurationList section */
		37DB7F8D24A8D1A20014F75F /* Build configuration list for PBXProject "iOS-Calculator" */ = {
			isa = XCConfigurationList;
			buildConfigurations = (
				37DB7FBA24A8D1A30014F75F /* Debug */,
				37DB7FBB24A8D1A30014F75F /* Release */,
			);
			defaultConfigurationIsVisible = 0;
			defaultConfigurationName = Release;
		};
		37DB7FBC24A8D1A30014F75F /* Build configuration list for PBXNativeTarget "iOS-Calculator" */ = {
			isa = XCConfigurationList;
			buildConfigurations = (
				37DB7FBD24A8D1A30014F75F /* Debug */,
				37DB7FBE24A8D1A30014F75F /* Release */,
			);
			defaultConfigurationIsVisible = 0;
			defaultConfigurationName = Release;
		};
		37DB7FBF24A8D1A30014F75F /* Build configuration list for PBXNativeTarget "iOS-CalculatorTests" */ = {
			isa = XCConfigurationList;
			buildConfigurations = (
				37DB7FC024A8D1A30014F75F /* Debug */,
				37DB7FC124A8D1A30014F75F /* Release */,
			);
			defaultConfigurationIsVisible = 0;
			defaultConfigurationName = Release;
		};
		37DB7FC224A8D1A30014F75F /* Build configuration list for PBXNativeTarget "iOS-CalculatorUITests" */ = {
			isa = XCConfigurationList;
			buildConfigurations = (
				37DB7FC324A8D1A30014F75F /* Debug */,
				37DB7FC424A8D1A30014F75F /* Release */,
			);
			defaultConfigurationIsVisible = 0;
			defaultConfigurationName = Release;
		};
/* End XCConfigurationList section */
	};
	rootObject = 37DB7F8A24A8D1A20014F75F /* Project object */;
}
